
Microsoft Visual Studio Solution File, Format Version 12.00
# Visual Studio Version 16
VisualStudioVersion = 16.0.33214.272
MinimumVisualStudioVersion = 10.0.40219.1
Project("{FAE04EC0-301F-11D3-BF4B-00C04F79EFBC}") = "teht_1-15_cSharp_ohjelma", "teht_1-15_cSharp_ohjelma\teht_1-15_cSharp_ohjelma.csproj", "{58B98B85-DE41-497B-A2E4-57C14B000649}"
EndProject
Global
	GlobalSection(SolutionConfigurationPlatforms) = preSolution
		Debug|Any CPU = Debug|Any CPU
		Release|Any CPU = Release|Any CPU
	EndGlobalSection
	GlobalSection(ProjectConfigurationPlatforms) = postSolution
		{58B98B85-DE41-497B-A2E4-57C14B000649}.Debug|Any CPU.ActiveCfg = Debug|Any CPU
		{58B98B85-DE41-497B-A2E4-57C14B000649}.Debug|Any CPU.Build.0 = Debug|Any CPU
		{58B98B85-DE41-497B-A2E4-57C14B000649}.Release|Any CPU.ActiveCfg = Release|Any CPU
		{58B98B85-DE41-497B-A2E4-57C14B000649}.Release|Any CPU.Build.0 = Release|Any CPU
	EndGlobalSection
	GlobalSection(SolutionProperties) = preSolution
		HideSolutionNode = FALSE
	EndGlobalSection
	GlobalSection(ExtensibilityGlobals) = postSolution
		SolutionGuid = {16C55B06-DF8B-414C-9A5E-EBB25AD2AC91}
	EndGlobalSection
EndGlobal
